
Microsoft Visual Studio Solution File, Format Version 12.00
# Visual Studio Version 17
VisualStudioVersion = 17.0.32112.339
MinimumVisualStudioVersion = 10.0.40219.1
Project("{FAE04EC0-301F-11D3-BF4B-00C04F79EFBC}") = "OOPSConcept", "OOPSConcept.csproj", "{8D5508B8-B6E4-4131-B86E-C2101A951006}"
EndProject
Global
	GlobalSection(SolutionConfigurationPlatforms) = preSolution
		Debug|Any CPU = Debug|Any CPU
		Release|Any CPU = Release|Any CPU
	EndGlobalSection
	GlobalSection(ProjectConfigurationPlatforms) = postSolution
		{8D5508B8-B6E4-4131-B86E-C2101A951006}.Debug|Any CPU.ActiveCfg = Debug|Any CPU
		{8D5508B8-B6E4-4131-B86E-C2101A951006}.Debug|Any CPU.Build.0 = Debug|Any CPU
		{8D5508B8-B6E4-4131-B86E-C2101A951006}.Release|Any CPU.ActiveCfg = Release|Any CPU
		{8D5508B8-B6E4-4131-B86E-C2101A951006}.Release|Any CPU.Build.0 = Release|Any CPU
	EndGlobalSection
	GlobalSection(SolutionProperties) = preSolution
		HideSolutionNode = FALSE
	EndGlobalSection
	GlobalSection(ExtensibilityGlobals) = postSolution
		SolutionGuid = {45450431-1600-46BD-BAA2-ED3E421D3A23}
	EndGlobalSection
EndGlobal
